
Microsoft Visual Studio Solution File, Format Version 12.00
# Visual Studio Version 16
VisualStudioVersion = 16.0.30523.141
MinimumVisualStudioVersion = 10.0.40219.1
Project("{2150E333-8FDC-42A3-9474-1A3956D46DE8}") = "Mobile", "Mobile", "{6D513792-29EC-4D8C-AAE9-C4C1779579C6}"
EndProject
Project("{2150E333-8FDC-42A3-9474-1A3956D46DE8}") = "Desktop", "Desktop", "{AC54713B-9062-4E6F-884D-9BA05BA971A4}"
EndProject
Project("{2150E333-8FDC-42A3-9474-1A3956D46DE8}") = "Packaging", "Packaging", "{94D7F4FB-DD13-4B6C-9501-5D91C958D375}"
EndProject
Project("{9A19103F-16F7-4668-BE54-9A1E7A4F7556}") = "LuckDrawXamarin", "Mobile\LuckDrawXamarin\LuckDrawXamarin.csproj", "{AFF0C6F5-D6F9-46AF-9BF2-1B96DDE81011}"
EndProject
Project("{FAE04EC0-301F-11D3-BF4B-00C04F79EFBC}") = "LuckDrawXamarin.Android", "Mobile\LuckDrawXamarin.Android\LuckDrawXamarin.Android.csproj", "{02D2C0F7-A77F-49A4-BB0E-8D216CBEA709}"
EndProject
Project("{FAE04EC0-301F-11D3-BF4B-00C04F79EFBC}") = "LuckDrawXamarin.iOS", "Mobile\LuckDrawXamarin.iOS\LuckDrawXamarin.iOS.csproj", "{A265DD7C-527B-4BBB-931B-EB2283DEE135}"
EndProject
Project("{FAE04EC0-301F-11D3-BF4B-00C04F79EFBC}") = "LuckDrawUWP", "Desktop\LuckDrawUWP\LuckDrawUWP.csproj", "{2F804BC1-01E6-49F4-9947-DC43639BA034}"
EndProject
Project("{D954291E-2A0B-460D-934E-DC6B0785DB48}") = "Shared", "Shared\Shared.shproj", "{4CD6416B-7EF9-43AD-B7A5-917E2EBBFA2D}"
EndProject
Project("{9A19103F-16F7-4668-BE54-9A1E7A4F7556}") = "LuckDrawWPF", "Desktop\LuckDrawWPF\LuckDrawWPF.csproj", "{1C6B7EE7-0CD0-433A-8BED-F9AB851260FB}"
EndProject
Project("{9A19103F-16F7-4668-BE54-9A1E7A4F7556}") = "LuckDrawLauncher", "Packaging\LuckDrawLauncher\LuckDrawLauncher.csproj", "{D4077E5F-A4AD-4AE2-88F0-361DFB0BDB74}"
EndProject
Project("{9A19103F-16F7-4668-BE54-9A1E7A4F7556}") = "LuckDrawWeb", "Web\LuckDrawWeb.csproj", "{742801C4-C8C7-4999-9C37-3DF41FEB6ED7}"
EndProject
Global
	GlobalSection(SharedMSBuildProjectFiles) = preSolution
		Shared\Shared.projitems*{1c6b7ee7-0cd0-433a-8bed-f9ab851260fb}*SharedItemsImports = 5
		Shared\Shared.projitems*{2f804bc1-01e6-49f4-9947-dc43639ba034}*SharedItemsImports = 4
		Shared\Shared.projitems*{4cd6416b-7ef9-43ad-b7a5-917e2ebbfa2d}*SharedItemsImports = 13
		Shared\Shared.projitems*{742801c4-c8c7-4999-9c37-3df41feb6ed7}*SharedItemsImports = 5
	EndGlobalSection
	GlobalSection(SolutionConfigurationPlatforms) = preSolution
		Debug|Any CPU = Debug|Any CPU
		Debug|ARM = Debug|ARM
		Debug|ARM64 = Debug|ARM64
		Debug|iPhone = Debug|iPhone
		Debug|iPhoneSimulator = Debug|iPhoneSimulator
		Debug|x64 = Debug|x64
		Debug|x86 = Debug|x86
		Release|Any CPU = Release|Any CPU
		Release|ARM = Release|ARM
		Release|ARM64 = Release|ARM64
		Release|iPhone = Release|iPhone
		Release|iPhoneSimulator = Release|iPhoneSimulator
		Release|x64 = Release|x64
		Release|x86 = Release|x86
	EndGlobalSection
	GlobalSection(ProjectConfigurationPlatforms) = postSolution
		{AFF0C6F5-D6F9-46AF-9BF2-1B96DDE81011}.Debug|Any CPU.ActiveCfg = Debug|Any CPU
		{AFF0C6F5-D6F9-46AF-9BF2-1B96DDE81011}.Debug|Any CPU.Build.0 = Debug|Any CPU
		{AFF0C6F5-D6F9-46AF-9BF2-1B96DDE81011}.Debug|ARM.ActiveCfg = Debug|Any CPU
		{AFF0C6F5-D6F9-46AF-9BF2-1B96DDE81011}.Debug|ARM.Build.0 = Debug|Any CPU
		{AFF0C6F5-D6F9-46AF-9BF2-1B96DDE81011}.Debug|ARM64.ActiveCfg = Debug|Any CPU
		{AFF0C6F5-D6F9-46AF-9BF2-1B96DDE81011}.Debug|ARM64.Build.0 = Debug|Any CPU
		{AFF0C6F5-D6F9-46AF-9BF2-1B96DDE81011}.Debug|iPhone.ActiveCfg = Debug|Any CPU
		{AFF0C6F5-D6F9-46AF-9BF2-1B96DDE81011}.Debug|iPhone.Build.0 = Debug|Any CPU
		{AFF0C6F5-D6F9-46AF-9BF2-1B96DDE81011}.Debug|iPhoneSimulator.ActiveCfg = Debug|Any CPU
		{AFF0C6F5-D6F9-46AF-9BF2-1B96DDE81011}.Debug|iPhoneSimulator.Build.0 = Debug|Any CPU
		{AFF0C6F5-D6F9-46AF-9BF2-1B96DDE81011}.Debug|x64.ActiveCfg = Debug|Any CPU
		{AFF0C6F5-D6F9-46AF-9BF2-1B96DDE81011}.Debug|x64.Build.0 = Debug|Any CPU
		{AFF0C6F5-D6F9-46AF-9BF2-1B96DDE81011}.Debug|x86.ActiveCfg = Debug|Any CPU
		{AFF0C6F5-D6F9-46AF-9BF2-1B96DDE81011}.Debug|x86.Build.0 = Debug|Any CPU
		{AFF0C6F5-D6F9-46AF-9BF2-1B96DDE81011}.Release|Any CPU.ActiveCfg = Release|Any CPU
		{AFF0C6F5-D6F9-46AF-9BF2-1B96DDE81011}.Release|Any CPU.Build.0 = Release|Any CPU
		{AFF0C6F5-D6F9-46AF-9BF2-1B96DDE81011}.Release|ARM.ActiveCfg = Release|Any CPU
		{AFF0C6F5-D6F9-46AF-9BF2-1B96DDE81011}.Release|ARM.Build.0 = Release|Any CPU
		{AFF0C6F5-D6F9-46AF-9BF2-1B96DDE81011}.Release|ARM64.ActiveCfg = Release|Any CPU
		{AFF0C6F5-D6F9-46AF-9BF2-1B96DDE81011}.Release|ARM64.Build.0 = Release|Any CPU
		{AFF0C6F5-D6F9-46AF-9BF2-1B96DDE81011}.Release|iPhone.ActiveCfg = Release|Any CPU
		{AFF0C6F5-D6F9-46AF-9BF2-1B96DDE81011}.Release|iPhone.Build.0 = Release|Any CPU
		{AFF0C6F5-D6F9-46AF-9BF2-1B96DDE81011}.Release|iPhoneSimulator.ActiveCfg = Release|Any CPU
		{AFF0C6F5-D6F9-46AF-9BF2-1B96DDE81011}.Release|iPhoneSimulator.Build.0 = Release|Any CPU
		{AFF0C6F5-D6F9-46AF-9BF2-1B96DDE81011}.Release|x64.ActiveCfg = Release|Any CPU
		{AFF0C6F5-D6F9-46AF-9BF2-1B96DDE81011}.Release|x64.Build.0 = Release|Any CPU
		{AFF0C6F5-D6F9-46AF-9BF2-1B96DDE81011}.Release|x86.ActiveCfg = Release|Any CPU
		{AFF0C6F5-D6F9-46AF-9BF2-1B96DDE81011}.Release|x86.Build.0 = Release|Any CPU
		{02D2C0F7-A77F-49A4-BB0E-8D216CBEA709}.Debug|Any CPU.ActiveCfg = Debug|Any CPU
		{02D2C0F7-A77F-49A4-BB0E-8D216CBEA709}.Debug|Any CPU.Build.0 = Debug|Any CPU
		{02D2C0F7-A77F-49A4-BB0E-8D216CBEA709}.Debug|Any CPU.Deploy.0 = Debug|Any CPU
		{02D2C0F7-A77F-49A4-BB0E-8D216CBEA709}.Debug|ARM.ActiveCfg = Debug|Any CPU
		{02D2C0F7-A77F-49A4-BB0E-8D216CBEA709}.Debug|ARM.Build.0 = Debug|Any CPU
		{02D2C0F7-A77F-49A4-BB0E-8D216CBEA709}.Debug|ARM.Deploy.0 = Debug|Any CPU
		{02D2C0F7-A77F-49A4-BB0E-8D216CBEA709}.Debug|ARM64.ActiveCfg = Debug|Any CPU
		{02D2C0F7-A77F-49A4-BB0E-8D216CBEA709}.Debug|ARM64.Build.0 = Debug|Any CPU
		{02D2C0F7-A77F-49A4-BB0E-8D216CBEA709}.Debug|ARM64.Deploy.0 = Debug|Any CPU
		{02D2C0F7-A77F-49A4-BB0E-8D216CBEA709}.Debug|iPhone.ActiveCfg = Debug|Any CPU
		{02D2C0F7-A77F-49A4-BB0E-8D216CBEA709}.Debug|iPhone.Build.0 = Debug|Any CPU
		{02D2C0F7-A77F-49A4-BB0E-8D216CBEA709}.Debug|iPhone.Deploy.0 = Debug|Any CPU
		{02D2C0F7-A77F-49A4-BB0E-8D216CBEA709}.Debug|iPhoneSimulator.ActiveCfg = Debug|Any CPU
		{02D2C0F7-A77F-49A4-BB0E-8D216CBEA709}.Debug|iPhoneSimulator.Build.0 = Debug|Any CPU
		{02D2C0F7-A77F-49A4-BB0E-8D216CBEA709}.Debug|iPhoneSimulator.Deploy.0 = Debug|Any CPU
		{02D2C0F7-A77F-49A4-BB0E-8D216CBEA709}.Debug|x64.ActiveCfg = Debug|Any CPU
		{02D2C0F7-A77F-49A4-BB0E-8D216CBEA709}.Debug|x64.Build.0 = Debug|Any CPU
		{02D2C0F7-A77F-49A4-BB0E-8D216CBEA709}.Debug|x64.Deploy.0 = Debug|Any CPU
		{02D2C0F7-A77F-49A4-BB0E-8D216CBEA709}.Debug|x86.ActiveCfg = Debug|Any CPU
		{02D2C0F7-A77F-49A4-BB0E-8D216CBEA709}.Debug|x86.Build.0 = Debug|Any CPU
		{02D2C0F7-A77F-49A4-BB0E-8D216CBEA709}.Debug|x86.Deploy.0 = Debug|Any CPU
		{02D2C0F7-A77F-49A4-BB0E-8D216CBEA709}.Release|Any CPU.ActiveCfg = Release|Any CPU
		{02D2C0F7-A77F-49A4-BB0E-8D216CBEA709}.Release|Any CPU.Build.0 = Release|Any CPU
		{02D2C0F7-A77F-49A4-BB0E-8D216CBEA709}.Release|Any CPU.Deploy.0 = Release|Any CPU
		{02D2C0F7-A77F-49A4-BB0E-8D216CBEA709}.Release|ARM.ActiveCfg = Release|Any CPU
		{02D2C0F7-A77F-49A4-BB0E-8D216CBEA709}.Release|ARM.Build.0 = Release|Any CPU
		{02D2C0F7-A77F-49A4-BB0E-8D216CBEA709}.Release|ARM.Deploy.0 = Release|Any CPU
		{02D2C0F7-A77F-49A4-BB0E-8D216CBEA709}.Release|ARM64.ActiveCfg = Release|Any CPU
		{02D2C0F7-A77F-49A4-BB0E-8D216CBEA709}.Release|ARM64.Build.0 = Release|Any CPU
		{02D2C0F7-A77F-49A4-BB0E-8D216CBEA709}.Release|ARM64.Deploy.0 = Release|Any CPU
		{02D2C0F7-A77F-49A4-BB0E-8D216CBEA709}.Release|iPhone.ActiveCfg = Release|Any CPU
		{02D2C0F7-A77F-49A4-BB0E-8D216CBEA709}.Release|iPhone.Build.0 = Release|Any CPU
		{02D2C0F7-A77F-49A4-BB0E-8D216CBEA709}.Release|iPhone.Deploy.0 = Release|Any CPU
		{02D2C0F7-A77F-49A4-BB0E-8D216CBEA709}.Release|iPhoneSimulator.ActiveCfg = Release|Any CPU
		{02D2C0F7-A77F-49A4-BB0E-8D216CBEA709}.Release|iPhoneSimulator.Build.0 = Release|Any CPU
		{02D2C0F7-A77F-49A4-BB0E-8D216CBEA709}.Release|iPhoneSimulator.Deploy.0 = Release|Any CPU
		{02D2C0F7-A77F-49A4-BB0E-8D216CBEA709}.Release|x64.ActiveCfg = Release|Any CPU
		{02D2C0F7-A77F-49A4-BB0E-8D216CBEA709}.Release|x64.Build.0 = Release|Any CPU
		{02D2C0F7-A77F-49A4-BB0E-8D216CBEA709}.Release|x64.Deploy.0 = Release|Any CPU
		{02D2C0F7-A77F-49A4-BB0E-8D216CBEA709}.Release|x86.ActiveCfg = Release|Any CPU
		{02D2C0F7-A77F-49A4-BB0E-8D216CBEA709}.Release|x86.Build.0 = Release|Any CPU
		{02D2C0F7-A77F-49A4-BB0E-8D216CBEA709}.Release|x86.Deploy.0 = Release|Any CPU
		{A265DD7C-527B-4BBB-931B-EB2283DEE135}.Debug|Any CPU.ActiveCfg = Debug|iPhoneSimulator
		{A265DD7C-527B-4BBB-931B-EB2283DEE135}.Debug|ARM.ActiveCfg = Debug|iPhoneSimulator
		{A265DD7C-527B-4BBB-931B-EB2283DEE135}.Debug|ARM64.ActiveCfg = Debug|iPhoneSimulator
		{A265DD7C-527B-4BBB-931B-EB2283DEE135}.Debug|iPhone.ActiveCfg = Debug|iPhone
		{A265DD7C-527B-4BBB-931B-EB2283DEE135}.Debug|iPhone.Build.0 = Debug|iPhone
		{A265DD7C-527B-4BBB-931B-EB2283DEE135}.Debug|iPhoneSimulator.ActiveCfg = Debug|iPhoneSimulator
		{A265DD7C-527B-4BBB-931B-EB2283DEE135}.Debug|iPhoneSimulator.Build.0 = Debug|iPhoneSimulator
		{A265DD7C-527B-4BBB-931B-EB2283DEE135}.Debug|x64.ActiveCfg = Debug|iPhoneSimulator
		{A265DD7C-527B-4BBB-931B-EB2283DEE135}.Debug|x86.ActiveCfg = Debug|iPhoneSimulator
		{A265DD7C-527B-4BBB-931B-EB2283DEE135}.Release|Any CPU.ActiveCfg = Release|iPhoneSimulator
		{A265DD7C-527B-4BBB-931B-EB2283DEE135}.Release|ARM.ActiveCfg = Release|iPhoneSimulator
		{A265DD7C-527B-4BBB-931B-EB2283DEE135}.Release|ARM64.ActiveCfg = Release|iPhoneSimulator
		{A265DD7C-527B-4BBB-931B-EB2283DEE135}.Release|iPhone.ActiveCfg = Release|iPhone
		{A265DD7C-527B-4BBB-931B-EB2283DEE135}.Release|iPhone.Build.0 = Release|iPhone
		{A265DD7C-527B-4BBB-931B-EB2283DEE135}.Release|iPhoneSimulator.ActiveCfg = Release|iPhoneSimulator
		{A265DD7C-527B-4BBB-931B-EB2283DEE135}.Release|iPhoneSimulator.Build.0 = Release|iPhoneSimulator
		{A265DD7C-527B-4BBB-931B-EB2283DEE135}.Release|x64.ActiveCfg = Release|iPhoneSimulator
		{A265DD7C-527B-4BBB-931B-EB2283DEE135}.Release|x86.ActiveCfg = Release|iPhoneSimulator
		{2F804BC1-01E6-49F4-9947-DC43639BA034}.Debug|Any CPU.ActiveCfg = Debug|x86
		{2F804BC1-01E6-49F4-9947-DC43639BA034}.Debug|ARM.ActiveCfg = Debug|ARM
		{2F804BC1-01E6-49F4-9947-DC43639BA034}.Debug|ARM.Build.0 = Debug|ARM
		{2F804BC1-01E6-49F4-9947-DC43639BA034}.Debug|ARM.Deploy.0 = Debug|ARM
		{2F804BC1-01E6-49F4-9947-DC43639BA034}.Debug|ARM64.ActiveCfg = Debug|ARM64
		{2F804BC1-01E6-49F4-9947-DC43639BA034}.Debug|ARM64.Build.0 = Debug|ARM64
		{2F804BC1-01E6-49F4-9947-DC43639BA034}.Debug|ARM64.Deploy.0 = Debug|ARM64
		{2F804BC1-01E6-49F4-9947-DC43639BA034}.Debug|iPhone.ActiveCfg = Debug|x86
		{2F804BC1-01E6-49F4-9947-DC43639BA034}.Debug|iPhoneSimulator.ActiveCfg = Debug|x86
		{2F804BC1-01E6-49F4-9947-DC43639BA034}.Debug|x64.ActiveCfg = Debug|x64
		{2F804BC1-01E6-49F4-9947-DC43639BA034}.Debug|x64.Build.0 = Debug|x64
		{2F804BC1-01E6-49F4-9947-DC43639BA034}.Debug|x64.Deploy.0 = Debug|x64
		{2F804BC1-01E6-49F4-9947-DC43639BA034}.Debug|x86.ActiveCfg = Debug|x86
		{2F804BC1-01E6-49F4-9947-DC43639BA034}.Debug|x86.Build.0 = Debug|x86
		{2F804BC1-01E6-49F4-9947-DC43639BA034}.Debug|x86.Deploy.0 = Debug|x86
		{2F804BC1-01E6-49F4-9947-DC43639BA034}.Release|Any CPU.ActiveCfg = Release|x86
		{2F804BC1-01E6-49F4-9947-DC43639BA034}.Release|ARM.ActiveCfg = Release|ARM
		{2F804BC1-01E6-49F4-9947-DC43639BA034}.Release|ARM.Build.0 = Release|ARM
		{2F804BC1-01E6-49F4-9947-DC43639BA034}.Release|ARM.Deploy.0 = Release|ARM
		{2F804BC1-01E6-49F4-9947-DC43639BA034}.Release|ARM64.ActiveCfg = Release|ARM64
		{2F804BC1-01E6-49F4-9947-DC43639BA034}.Release|ARM64.Build.0 = Release|ARM64
		{2F804BC1-01E6-49F4-9947-DC43639BA034}.Release|ARM64.Deploy.0 = Release|ARM64
		{2F804BC1-01E6-49F4-9947-DC43639BA034}.Release|iPhone.ActiveCfg = Release|x86
		{2F804BC1-01E6-49F4-9947-DC43639BA034}.Release|iPhoneSimulator.ActiveCfg = Release|x86
		{2F804BC1-01E6-49F4-9947-DC43639BA034}.Release|x64.ActiveCfg = Release|x64
		{2F804BC1-01E6-49F4-9947-DC43639BA034}.Release|x64.Build.0 = Release|x64
		{2F804BC1-01E6-49F4-9947-DC43639BA034}.Release|x64.Deploy.0 = Release|x64
		{2F804BC1-01E6-49F4-9947-DC43639BA034}.Release|x86.ActiveCfg = Release|x86
		{2F804BC1-01E6-49F4-9947-DC43639BA034}.Release|x86.Build.0 = Release|x86
		{2F804BC1-01E6-49F4-9947-DC43639BA034}.Release|x86.Deploy.0 = Release|x86
		{1C6B7EE7-0CD0-433A-8BED-F9AB851260FB}.Debug|Any CPU.ActiveCfg = Debug|Any CPU
		{1C6B7EE7-0CD0-433A-8BED-F9AB851260FB}.Debug|Any CPU.Build.0 = Debug|Any CPU
		{1C6B7EE7-0CD0-433A-8BED-F9AB851260FB}.Debug|ARM.ActiveCfg = Debug|Any CPU
		{1C6B7EE7-0CD0-433A-8BED-F9AB851260FB}.Debug|ARM.Build.0 = Debug|Any CPU
		{1C6B7EE7-0CD0-433A-8BED-F9AB851260FB}.Debug|ARM64.ActiveCfg = Debug|Any CPU
		{1C6B7EE7-0CD0-433A-8BED-F9AB851260FB}.Debug|ARM64.Build.0 = Debug|Any CPU
		{1C6B7EE7-0CD0-433A-8BED-F9AB851260FB}.Debug|iPhone.ActiveCfg = Debug|Any CPU
		{1C6B7EE7-0CD0-433A-8BED-F9AB851260FB}.Debug|iPhone.Build.0 = Debug|Any CPU
		{1C6B7EE7-0CD0-433A-8BED-F9AB851260FB}.Debug|iPhoneSimulator.ActiveCfg = Debug|Any CPU
		{1C6B7EE7-0CD0-433A-8BED-F9AB851260FB}.Debug|iPhoneSimulator.Build.0 = Debug|Any CPU
		{1C6B7EE7-0CD0-433A-8BED-F9AB851260FB}.Debug|x64.ActiveCfg = Debug|Any CPU
		{1C6B7EE7-0CD0-433A-8BED-F9AB851260FB}.Debug|x64.Build.0 = Debug|Any CPU
		{1C6B7EE7-0CD0-433A-8BED-F9AB851260FB}.Debug|x86.ActiveCfg = Debug|Any CPU
		{1C6B7EE7-0CD0-433A-8BED-F9AB851260FB}.Debug|x86.Build.0 = Debug|Any CPU
		{1C6B7EE7-0CD0-433A-8BED-F9AB851260FB}.Release|Any CPU.ActiveCfg = Release|Any CPU
		{1C6B7EE7-0CD0-433A-8BED-F9AB851260FB}.Release|Any CPU.Build.0 = Release|Any CPU
		{1C6B7EE7-0CD0-433A-8BED-F9AB851260FB}.Release|ARM.ActiveCfg = Release|Any CPU
		{1C6B7EE7-0CD0-433A-8BED-F9AB851260FB}.Release|ARM.Build.0 = Release|Any CPU
		{1C6B7EE7-0CD0-433A-8BED-F9AB851260FB}.Release|ARM64.ActiveCfg = Release|Any CPU
		{1C6B7EE7-0CD0-433A-8BED-F9AB851260FB}.Release|ARM64.Build.0 = Release|Any CPU
		{1C6B7EE7-0CD0-433A-8BED-F9AB851260FB}.Release|iPhone.ActiveCfg = Release|Any CPU
		{1C6B7EE7-0CD0-433A-8BED-F9AB851260FB}.Release|iPhone.Build.0 = Release|Any CPU
		{1C6B7EE7-0CD0-433A-8BED-F9AB851260FB}.Release|iPhoneSimulator.ActiveCfg = Release|Any CPU
		{1C6B7EE7-0CD0-433A-8BED-F9AB851260FB}.Release|iPhoneSimulator.Build.0 = Release|Any CPU
		{1C6B7EE7-0CD0-433A-8BED-F9AB851260FB}.Release|x64.ActiveCfg = Release|Any CPU
		{1C6B7EE7-0CD0-433A-8BED-F9AB851260FB}.Release|x64.Build.0 = Release|Any CPU
		{1C6B7EE7-0CD0-433A-8BED-F9AB851260FB}.Release|x86.ActiveCfg = Release|Any CPU
		{1C6B7EE7-0CD0-433A-8BED-F9AB851260FB}.Release|x86.Build.0 = Release|Any CPU
		{D4077E5F-A4AD-4AE2-88F0-361DFB0BDB74}.Debug|Any CPU.ActiveCfg = Debug|Any CPU
		{D4077E5F-A4AD-4AE2-88F0-361DFB0BDB74}.Debug|Any CPU.Build.0 = Debug|Any CPU
		{D4077E5F-A4AD-4AE2-88F0-361DFB0BDB74}.Debug|ARM.ActiveCfg = Debug|Any CPU
		{D4077E5F-A4AD-4AE2-88F0-361DFB0BDB74}.Debug|ARM.Build.0 = Debug|Any CPU
		{D4077E5F-A4AD-4AE2-88F0-361DFB0BDB74}.Debug|ARM64.ActiveCfg = Debug|Any CPU
		{D4077E5F-A4AD-4AE2-88F0-361DFB0BDB74}.Debug|ARM64.Build.0 = Debug|Any CPU
		{D4077E5F-A4AD-4AE2-88F0-361DFB0BDB74}.Debug|iPhone.ActiveCfg = Debug|Any CPU
		{D4077E5F-A4AD-4AE2-88F0-361DFB0BDB74}.Debug|iPhone.Build.0 = Debug|Any CPU
		{D4077E5F-A4AD-4AE2-88F0-361DFB0BDB74}.Debug|iPhoneSimulator.ActiveCfg = Debug|Any CPU
		{D4077E5F-A4AD-4AE2-88F0-361DFB0BDB74}.Debug|iPhoneSimulator.Build.0 = Debug|Any CPU
		{D4077E5F-A4AD-4AE2-88F0-361DFB0BDB74}.Debug|x64.ActiveCfg = Debug|Any CPU
		{D4077E5F-A4AD-4AE2-88F0-361DFB0BDB74}.Debug|x64.Build.0 = Debug|Any CPU
		{D4077E5F-A4AD-4AE2-88F0-361DFB0BDB74}.Debug|x86.ActiveCfg = Debug|Any CPU
		{D4077E5F-A4AD-4AE2-88F0-361DFB0BDB74}.Debug|x86.Build.0 = Debug|Any CPU
		{D4077E5F-A4AD-4AE2-88F0-361DFB0BDB74}.Release|Any CPU.ActiveCfg = Release|Any CPU
		{D4077E5F-A4AD-4AE2-88F0-361DFB0BDB74}.Release|Any CPU.Build.0 = Release|Any CPU
		{D4077E5F-A4AD-4AE2-88F0-361DFB0BDB74}.Release|ARM.ActiveCfg = Release|Any CPU
		{D4077E5F-A4AD-4AE2-88F0-361DFB0BDB74}.Release|ARM.Build.0 = Release|Any CPU
		{D4077E5F-A4AD-4AE2-88F0-361DFB0BDB74}.Release|ARM64.ActiveCfg = Release|Any CPU
		{D4077E5F-A4AD-4AE2-88F0-361DFB0BDB74}.Release|ARM64.Build.0 = Release|Any CPU
		{D4077E5F-A4AD-4AE2-88F0-361DFB0BDB74}.Release|iPhone.ActiveCfg = Release|Any CPU
		{D4077E5F-A4AD-4AE2-88F0-361DFB0BDB74}.Release|iPhone.Build.0 = Release|Any CPU
		{D4077E5F-A4AD-4AE2-88F0-361DFB0BDB74}.Release|iPhoneSimulator.ActiveCfg = Release|Any CPU
		{D4077E5F-A4AD-4AE2-88F0-361DFB0BDB74}.Release|iPhoneSimulator.Build.0 = Release|Any CPU
		{D4077E5F-A4AD-4AE2-88F0-361DFB0BDB74}.Release|x64.ActiveCfg = Release|Any CPU
		{D4077E5F-A4AD-4AE2-88F0-361DFB0BDB74}.Release|x64.Build.0 = Release|Any CPU
		{D4077E5F-A4AD-4AE2-88F0-361DFB0BDB74}.Release|x86.ActiveCfg = Release|Any CPU
		{D4077E5F-A4AD-4AE2-88F0-361DFB0BDB74}.Release|x86.Build.0 = Release|Any CPU
		{742801C4-C8C7-4999-9C37-3DF41FEB6ED7}.Debug|Any CPU.ActiveCfg = Debug|Any CPU
		{742801C4-C8C7-4999-9C37-3DF41FEB6ED7}.Debug|Any CPU.Build.0 = Debug|Any CPU
		{742801C4-C8C7-4999-9C37-3DF41FEB6ED7}.Debug|ARM.ActiveCfg = Debug|Any CPU
		{742801C4-C8C7-4999-9C37-3DF41FEB6ED7}.Debug|ARM.Build.0 = Debug|Any CPU
		{742801C4-C8C7-4999-9C37-3DF41FEB6ED7}.Debug|ARM64.ActiveCfg = Debug|Any CPU
		{742801C4-C8C7-4999-9C37-3DF41FEB6ED7}.Debug|ARM64.Build.0 = Debug|Any CPU
		{742801C4-C8C7-4999-9C37-3DF41FEB6ED7}.Debug|iPhone.ActiveCfg = Debug|Any CPU
		{742801C4-C8C7-4999-9C37-3DF41FEB6ED7}.Debug|iPhone.Build.0 = Debug|Any CPU
		{742801C4-C8C7-4999-9C37-3DF41FEB6ED7}.Debug|iPhoneSimulator.ActiveCfg = Debug|Any CPU
		{742801C4-C8C7-4999-9C37-3DF41FEB6ED7}.Debug|iPhoneSimulator.Build.0 = Debug|Any CPU
		{742801C4-C8C7-4999-9C37-3DF41FEB6ED7}.Debug|x64.ActiveCfg = Debug|Any CPU
		{742801C4-C8C7-4999-9C37-3DF41FEB6ED7}.Debug|x64.Build.0 = Debug|Any CPU
		{742801C4-C8C7-4999-9C37-3DF41FEB6ED7}.Debug|x86.ActiveCfg = Debug|Any CPU
		{742801C4-C8C7-4999-9C37-3DF41FEB6ED7}.Debug|x86.Build.0 = Debug|Any CPU
		{742801C4-C8C7-4999-9C37-3DF41FEB6ED7}.Release|Any CPU.ActiveCfg = Release|Any CPU
		{742801C4-C8C7-4999-9C37-3DF41FEB6ED7}.Release|Any CPU.Build.0 = Release|Any CPU
		{742801C4-C8C7-4999-9C37-3DF41FEB6ED7}.Release|ARM.ActiveCfg = Release|Any CPU
		{742801C4-C8C7-4999-9C37-3DF41FEB6ED7}.Release|ARM.Build.0 = Release|Any CPU
		{742801C4-C8C7-4999-9C37-3DF41FEB6ED7}.Release|ARM64.ActiveCfg = Release|Any CPU
		{742801C4-C8C7-4999-9C37-3DF41FEB6ED7}.Release|ARM64.Build.0 = Release|Any CPU
		{742801C4-C8C7-4999-9C37-3DF41FEB6ED7}.Release|iPhone.ActiveCfg = Release|Any CPU
		{742801C4-C8C7-4999-9C37-3DF41FEB6ED7}.Release|iPhone.Build.0 = Release|Any CPU
		{742801C4-C8C7-4999-9C37-3DF41FEB6ED7}.Release|iPhoneSimulator.ActiveCfg = Release|Any CPU
		{742801C4-C8C7-4999-9C37-3DF41FEB6ED7}.Release|iPhoneSimulator.Build.0 = Release|Any CPU
		{742801C4-C8C7-4999-9C37-3DF41FEB6ED7}.Release|x64.ActiveCfg = Release|Any CPU
		{742801C4-C8C7-4999-9C37-3DF41FEB6ED7}.Release|x64.Build.0 = Release|Any CPU
		{742801C4-C8C7-4999-9C37-3DF41FEB6ED7}.Release|x86.ActiveCfg = Release|Any CPU
		{742801C4-C8C7-4999-9C37-3DF41FEB6ED7}.Release|x86.Build.0 = Release|Any CPU
	EndGlobalSection
	GlobalSection(SolutionProperties) = preSolution
		HideSolutionNode = FALSE
	EndGlobalSection
	GlobalSection(NestedProjects) = preSolution
		{AFF0C6F5-D6F9-46AF-9BF2-1B96DDE81011} = {6D513792-29EC-4D8C-AAE9-C4C1779579C6}
		{02D2C0F7-A77F-49A4-BB0E-8D216CBEA709} = {6D513792-29EC-4D8C-AAE9-C4C1779579C6}
		{A265DD7C-527B-4BBB-931B-EB2283DEE135} = {6D513792-29EC-4D8C-AAE9-C4C1779579C6}
		{2F804BC1-01E6-49F4-9947-DC43639BA034} = {AC54713B-9062-4E6F-884D-9BA05BA971A4}
		{1C6B7EE7-0CD0-433A-8BED-F9AB851260FB} = {AC54713B-9062-4E6F-884D-9BA05BA971A4}
		{D4077E5F-A4AD-4AE2-88F0-361DFB0BDB74} = {94D7F4FB-DD13-4B6C-9501-5D91C958D375}
	EndGlobalSection
	GlobalSection(ExtensibilityGlobals) = postSolution
		SolutionGuid = {EDF046B1-5181-454D-AB1C-B120D1005D21}
	EndGlobalSection
EndGlobal
