
Microsoft Visual Studio Solution File, Format Version 12.00
# Visual Studio Version 16
VisualStudioVersion = 16.0.30523.141
MinimumVisualStudioVersion = 10.0.40219.1
Project("{2150E333-8FDC-42A3-9474-1A3956D46DE8}") = "Mobile", "Mobile", "{6D513792-29EC-4D8C-AAE9-C4C1779579C6}"
EndProject
Project("{2150E333-8FDC-42A3-9474-1A3956D46DE8}") = "Desktop", "Desktop", "{AC54713B-9062-4E6F-884D-9BA05BA971A4}"
EndProject
Project("{2150E333-8FDC-42A3-9474-1A3956D46DE8}") = "Packaging", "Packaging", "{94D7F4FB-DD13-4B6C-9501-5D91C958D375}"
EndProject
Project("{FAE04EC0-301F-11D3-BF4B-00C04F79EFBC}") = "LuckDrawWPF", "Desktop\LuckDrawWindow\LuckDrawWPF.csproj", "{A228F497-06A0-4C10-8D4F-201EF18E1ADB}"
EndProject
Project("{9A19103F-16F7-4668-BE54-9A1E7A4F7556}") = "LuckDrawXamarin", "Mobile\LuckDrawXamarin\LuckDrawXamarin.csproj", "{AFF0C6F5-D6F9-46AF-9BF2-1B96DDE81011}"
EndProject
Project("{FAE04EC0-301F-11D3-BF4B-00C04F79EFBC}") = "LuckDrawXamarin.Android", "Mobile\LuckDrawXamarin.Android\LuckDrawXamarin.Android.csproj", "{02D2C0F7-A77F-49A4-BB0E-8D216CBEA709}"
EndProject
Project("{FAE04EC0-301F-11D3-BF4B-00C04F79EFBC}") = "LuckDrawXamarin.iOS", "Mobile\LuckDrawXamarin.iOS\LuckDrawXamarin.iOS.csproj", "{A265DD7C-527B-4BBB-931B-EB2283DEE135}"
EndProject
Project("{FAE04EC0-301F-11D3-BF4B-00C04F79EFBC}") = "LuckDrawUWP", "Desktop\LuckDrawUWP\LuckDrawUWP.csproj", "{2F804BC1-01E6-49F4-9947-DC43639BA034}"
EndProject
Project("{C7167F0D-BC9F-4E6E-AFE1-012C56B48DB5}") = "PackagingForUWP", "Packaging\PackagingForUWP\PackagingForUWP.wapproj", "{AC4E454F-C5B4-4A5B-B449-343AC040BD8A}"
EndProject
Project("{54435603-DBB4-11D2-8724-00A0C9A8B90C}") = "PackagingForWPF", "Packaging\PackagingForWPF\PackagingForWPF.vdproj", "{5424D7FD-B533-47BB-86AE-7149E113780F}"
EndProject
Project("{D954291E-2A0B-460D-934E-DC6B0785DB48}") = "Shared", "Shared\Shared.shproj", "{4CD6416B-7EF9-43AD-B7A5-917E2EBBFA2D}"
EndProject
Global
	GlobalSection(SharedMSBuildProjectFiles) = preSolution
		Shared\Shared.projitems*{4cd6416b-7ef9-43ad-b7a5-917e2ebbfa2d}*SharedItemsImports = 13
		Shared\Shared.projitems*{a228f497-06a0-4c10-8d4f-201ef18e1adb}*SharedItemsImports = 4
	EndGlobalSection
	GlobalSection(SolutionConfigurationPlatforms) = preSolution
		Debug|Any CPU = Debug|Any CPU
		Debug|ARM = Debug|ARM
		Debug|ARM64 = Debug|ARM64
		Debug|iPhone = Debug|iPhone
		Debug|iPhoneSimulator = Debug|iPhoneSimulator
		Debug|x64 = Debug|x64
		Debug|x86 = Debug|x86
		Release|Any CPU = Release|Any CPU
		Release|ARM = Release|ARM
		Release|ARM64 = Release|ARM64
		Release|iPhone = Release|iPhone
		Release|iPhoneSimulator = Release|iPhoneSimulator
		Release|x64 = Release|x64
		Release|x86 = Release|x86
	EndGlobalSection
	GlobalSection(ProjectConfigurationPlatforms) = postSolution
		{A228F497-06A0-4C10-8D4F-201EF18E1ADB}.Debug|Any CPU.ActiveCfg = Debug|Any CPU
		{A228F497-06A0-4C10-8D4F-201EF18E1ADB}.Debug|Any CPU.Build.0 = Debug|Any CPU
		{A228F497-06A0-4C10-8D4F-201EF18E1ADB}.Debug|ARM.ActiveCfg = Debug|Any CPU
		{A228F497-06A0-4C10-8D4F-201EF18E1ADB}.Debug|ARM.Build.0 = Debug|Any CPU
		{A228F497-06A0-4C10-8D4F-201EF18E1ADB}.Debug|ARM64.ActiveCfg = Debug|Any CPU
		{A228F497-06A0-4C10-8D4F-201EF18E1ADB}.Debug|ARM64.Build.0 = Debug|Any CPU
		{A228F497-06A0-4C10-8D4F-201EF18E1ADB}.Debug|iPhone.ActiveCfg = Debug|Any CPU
		{A228F497-06A0-4C10-8D4F-201EF18E1ADB}.Debug|iPhone.Build.0 = Debug|Any CPU
		{A228F497-06A0-4C10-8D4F-201EF18E1ADB}.Debug|iPhoneSimulator.ActiveCfg = Debug|Any CPU
		{A228F497-06A0-4C10-8D4F-201EF18E1ADB}.Debug|iPhoneSimulator.Build.0 = Debug|Any CPU
		{A228F497-06A0-4C10-8D4F-201EF18E1ADB}.Debug|x64.ActiveCfg = Debug|Any CPU
		{A228F497-06A0-4C10-8D4F-201EF18E1ADB}.Debug|x64.Build.0 = Debug|Any CPU
		{A228F497-06A0-4C10-8D4F-201EF18E1ADB}.Debug|x86.ActiveCfg = Debug|Any CPU
		{A228F497-06A0-4C10-8D4F-201EF18E1ADB}.Debug|x86.Build.0 = Debug|Any CPU
		{A228F497-06A0-4C10-8D4F-201EF18E1ADB}.Release|Any CPU.ActiveCfg = Release|Any CPU
		{A228F497-06A0-4C10-8D4F-201EF18E1ADB}.Release|Any CPU.Build.0 = Release|Any CPU
		{A228F497-06A0-4C10-8D4F-201EF18E1ADB}.Release|ARM.ActiveCfg = Release|Any CPU
		{A228F497-06A0-4C10-8D4F-201EF18E1ADB}.Release|ARM.Build.0 = Release|Any CPU
		{A228F497-06A0-4C10-8D4F-201EF18E1ADB}.Release|ARM64.ActiveCfg = Release|Any CPU
		{A228F497-06A0-4C10-8D4F-201EF18E1ADB}.Release|ARM64.Build.0 = Release|Any CPU
		{A228F497-06A0-4C10-8D4F-201EF18E1ADB}.Release|iPhone.ActiveCfg = Release|Any CPU
		{A228F497-06A0-4C10-8D4F-201EF18E1ADB}.Release|iPhone.Build.0 = Release|Any CPU
		{A228F497-06A0-4C10-8D4F-201EF18E1ADB}.Release|iPhoneSimulator.ActiveCfg = Release|Any CPU
		{A228F497-06A0-4C10-8D4F-201EF18E1ADB}.Release|iPhoneSimulator.Build.0 = Release|Any CPU
		{A228F497-06A0-4C10-8D4F-201EF18E1ADB}.Release|x64.ActiveCfg = Release|Any CPU
		{A228F497-06A0-4C10-8D4F-201EF18E1ADB}.Release|x64.Build.0 = Release|Any CPU
		{A228F497-06A0-4C10-8D4F-201EF18E1ADB}.Release|x86.ActiveCfg = Release|Any CPU
		{A228F497-06A0-4C10-8D4F-201EF18E1ADB}.Release|x86.Build.0 = Release|Any CPU
		{AFF0C6F5-D6F9-46AF-9BF2-1B96DDE81011}.Debug|Any CPU.ActiveCfg = Debug|Any CPU
		{AFF0C6F5-D6F9-46AF-9BF2-1B96DDE81011}.Debug|Any CPU.Build.0 = Debug|Any CPU
		{AFF0C6F5-D6F9-46AF-9BF2-1B96DDE81011}.Debug|ARM.ActiveCfg = Debug|Any CPU
		{AFF0C6F5-D6F9-46AF-9BF2-1B96DDE81011}.Debug|ARM.Build.0 = Debug|Any CPU
		{AFF0C6F5-D6F9-46AF-9BF2-1B96DDE81011}.Debug|ARM64.ActiveCfg = Debug|Any CPU
		{AFF0C6F5-D6F9-46AF-9BF2-1B96DDE81011}.Debug|ARM64.Build.0 = Debug|Any CPU
		{AFF0C6F5-D6F9-46AF-9BF2-1B96DDE81011}.Debug|iPhone.ActiveCfg = Debug|Any CPU
		{AFF0C6F5-D6F9-46AF-9BF2-1B96DDE81011}.Debug|iPhone.Build.0 = Debug|Any CPU
		{AFF0C6F5-D6F9-46AF-9BF2-1B96DDE81011}.Debug|iPhoneSimulator.ActiveCfg = Debug|Any CPU
		{AFF0C6F5-D6F9-46AF-9BF2-1B96DDE81011}.Debug|iPhoneSimulator.Build.0 = Debug|Any CPU
		{AFF0C6F5-D6F9-46AF-9BF2-1B96DDE81011}.Debug|x64.ActiveCfg = Debug|Any CPU
		{AFF0C6F5-D6F9-46AF-9BF2-1B96DDE81011}.Debug|x64.Build.0 = Debug|Any CPU
		{AFF0C6F5-D6F9-46AF-9BF2-1B96DDE81011}.Debug|x86.ActiveCfg = Debug|Any CPU
		{AFF0C6F5-D6F9-46AF-9BF2-1B96DDE81011}.Debug|x86.Build.0 = Debug|Any CPU
		{AFF0C6F5-D6F9-46AF-9BF2-1B96DDE81011}.Release|Any CPU.ActiveCfg = Release|Any CPU
		{AFF0C6F5-D6F9-46AF-9BF2-1B96DDE81011}.Release|Any CPU.Build.0 = Release|Any CPU
		{AFF0C6F5-D6F9-46AF-9BF2-1B96DDE81011}.Release|ARM.ActiveCfg = Release|Any CPU
		{AFF0C6F5-D6F9-46AF-9BF2-1B96DDE81011}.Release|ARM.Build.0 = Release|Any CPU
		{AFF0C6F5-D6F9-46AF-9BF2-1B96DDE81011}.Release|ARM64.ActiveCfg = Release|Any CPU
		{AFF0C6F5-D6F9-46AF-9BF2-1B96DDE81011}.Release|ARM64.Build.0 = Release|Any CPU
		{AFF0C6F5-D6F9-46AF-9BF2-1B96DDE81011}.Release|iPhone.ActiveCfg = Release|Any CPU
		{AFF0C6F5-D6F9-46AF-9BF2-1B96DDE81011}.Release|iPhone.Build.0 = Release|Any CPU
		{AFF0C6F5-D6F9-46AF-9BF2-1B96DDE81011}.Release|iPhoneSimulator.ActiveCfg = Release|Any CPU
		{AFF0C6F5-D6F9-46AF-9BF2-1B96DDE81011}.Release|iPhoneSimulator.Build.0 = Release|Any CPU
		{AFF0C6F5-D6F9-46AF-9BF2-1B96DDE81011}.Release|x64.ActiveCfg = Release|Any CPU
		{AFF0C6F5-D6F9-46AF-9BF2-1B96DDE81011}.Release|x64.Build.0 = Release|Any CPU
		{AFF0C6F5-D6F9-46AF-9BF2-1B96DDE81011}.Release|x86.ActiveCfg = Release|Any CPU
		{AFF0C6F5-D6F9-46AF-9BF2-1B96DDE81011}.Release|x86.Build.0 = Release|Any CPU
		{02D2C0F7-A77F-49A4-BB0E-8D216CBEA709}.Debug|Any CPU.ActiveCfg = Debug|Any CPU
		{02D2C0F7-A77F-49A4-BB0E-8D216CBEA709}.Debug|Any CPU.Build.0 = Debug|Any CPU
		{02D2C0F7-A77F-49A4-BB0E-8D216CBEA709}.Debug|Any CPU.Deploy.0 = Debug|Any CPU
		{02D2C0F7-A77F-49A4-BB0E-8D216CBEA709}.Debug|ARM.ActiveCfg = Debug|Any CPU
		{02D2C0F7-A77F-49A4-BB0E-8D216CBEA709}.Debug|ARM.Build.0 = Debug|Any CPU
		{02D2C0F7-A77F-49A4-BB0E-8D216CBEA709}.Debug|ARM.Deploy.0 = Debug|Any CPU
		{02D2C0F7-A77F-49A4-BB0E-8D216CBEA709}.Debug|ARM64.ActiveCfg = Debug|Any CPU
		{02D2C0F7-A77F-49A4-BB0E-8D216CBEA709}.Debug|ARM64.Build.0 = Debug|Any CPU
		{02D2C0F7-A77F-49A4-BB0E-8D216CBEA709}.Debug|ARM64.Deploy.0 = Debug|Any CPU
		{02D2C0F7-A77F-49A4-BB0E-8D216CBEA709}.Debug|iPhone.ActiveCfg = Debug|Any CPU
		{02D2C0F7-A77F-49A4-BB0E-8D216CBEA709}.Debug|iPhone.Build.0 = Debug|Any CPU
		{02D2C0F7-A77F-49A4-BB0E-8D216CBEA709}.Debug|iPhone.Deploy.0 = Debug|Any CPU
		{02D2C0F7-A77F-49A4-BB0E-8D216CBEA709}.Debug|iPhoneSimulator.ActiveCfg = Debug|Any CPU
		{02D2C0F7-A77F-49A4-BB0E-8D216CBEA709}.Debug|iPhoneSimulator.Build.0 = Debug|Any CPU
		{02D2C0F7-A77F-49A4-BB0E-8D216CBEA709}.Debug|iPhoneSimulator.Deploy.0 = Debug|Any CPU
		{02D2C0F7-A77F-49A4-BB0E-8D216CBEA709}.Debug|x64.ActiveCfg = Debug|Any CPU
		{02D2C0F7-A77F-49A4-BB0E-8D216CBEA709}.Debug|x64.Build.0 = Debug|Any CPU
		{02D2C0F7-A77F-49A4-BB0E-8D216CBEA709}.Debug|x64.Deploy.0 = Debug|Any CPU
		{02D2C0F7-A77F-49A4-BB0E-8D216CBEA709}.Debug|x86.ActiveCfg = Debug|Any CPU
		{02D2C0F7-A77F-49A4-BB0E-8D216CBEA709}.Debug|x86.Build.0 = Debug|Any CPU
		{02D2C0F7-A77F-49A4-BB0E-8D216CBEA709}.Debug|x86.Deploy.0 = Debug|Any CPU
		{02D2C0F7-A77F-49A4-BB0E-8D216CBEA709}.Release|Any CPU.ActiveCfg = Release|Any CPU
		{02D2C0F7-A77F-49A4-BB0E-8D216CBEA709}.Release|Any CPU.Build.0 = Release|Any CPU
		{02D2C0F7-A77F-49A4-BB0E-8D216CBEA709}.Release|Any CPU.Deploy.0 = Release|Any CPU
		{02D2C0F7-A77F-49A4-BB0E-8D216CBEA709}.Release|ARM.ActiveCfg = Release|Any CPU
		{02D2C0F7-A77F-49A4-BB0E-8D216CBEA709}.Release|ARM.Build.0 = Release|Any CPU
		{02D2C0F7-A77F-49A4-BB0E-8D216CBEA709}.Release|ARM.Deploy.0 = Release|Any CPU
		{02D2C0F7-A77F-49A4-BB0E-8D216CBEA709}.Release|ARM64.ActiveCfg = Release|Any CPU
		{02D2C0F7-A77F-49A4-BB0E-8D216CBEA709}.Release|ARM64.Build.0 = Release|Any CPU
		{02D2C0F7-A77F-49A4-BB0E-8D216CBEA709}.Release|ARM64.Deploy.0 = Release|Any CPU
		{02D2C0F7-A77F-49A4-BB0E-8D216CBEA709}.Release|iPhone.ActiveCfg = Release|Any CPU
		{02D2C0F7-A77F-49A4-BB0E-8D216CBEA709}.Release|iPhone.Build.0 = Release|Any CPU
		{02D2C0F7-A77F-49A4-BB0E-8D216CBEA709}.Release|iPhone.Deploy.0 = Release|Any CPU
		{02D2C0F7-A77F-49A4-BB0E-8D216CBEA709}.Release|iPhoneSimulator.ActiveCfg = Release|Any CPU
		{02D2C0F7-A77F-49A4-BB0E-8D216CBEA709}.Release|iPhoneSimulator.Build.0 = Release|Any CPU
		{02D2C0F7-A77F-49A4-BB0E-8D216CBEA709}.Release|iPhoneSimulator.Deploy.0 = Release|Any CPU
		{02D2C0F7-A77F-49A4-BB0E-8D216CBEA709}.Release|x64.ActiveCfg = Release|Any CPU
		{02D2C0F7-A77F-49A4-BB0E-8D216CBEA709}.Release|x64.Build.0 = Release|Any CPU
		{02D2C0F7-A77F-49A4-BB0E-8D216CBEA709}.Release|x64.Deploy.0 = Release|Any CPU
		{02D2C0F7-A77F-49A4-BB0E-8D216CBEA709}.Release|x86.ActiveCfg = Release|Any CPU
		{02D2C0F7-A77F-49A4-BB0E-8D216CBEA709}.Release|x86.Build.0 = Release|Any CPU
		{02D2C0F7-A77F-49A4-BB0E-8D216CBEA709}.Release|x86.Deploy.0 = Release|Any CPU
		{A265DD7C-527B-4BBB-931B-EB2283DEE135}.Debug|Any CPU.ActiveCfg = Debug|iPhoneSimulator
		{A265DD7C-527B-4BBB-931B-EB2283DEE135}.Debug|ARM.ActiveCfg = Debug|iPhoneSimulator
		{A265DD7C-527B-4BBB-931B-EB2283DEE135}.Debug|ARM64.ActiveCfg = Debug|iPhoneSimulator
		{A265DD7C-527B-4BBB-931B-EB2283DEE135}.Debug|iPhone.ActiveCfg = Debug|iPhone
		{A265DD7C-527B-4BBB-931B-EB2283DEE135}.Debug|iPhone.Build.0 = Debug|iPhone
		{A265DD7C-527B-4BBB-931B-EB2283DEE135}.Debug|iPhoneSimulator.ActiveCfg = Debug|iPhoneSimulator
		{A265DD7C-527B-4BBB-931B-EB2283DEE135}.Debug|iPhoneSimulator.Build.0 = Debug|iPhoneSimulator
		{A265DD7C-527B-4BBB-931B-EB2283DEE135}.Debug|x64.ActiveCfg = Debug|iPhoneSimulator
		{A265DD7C-527B-4BBB-931B-EB2283DEE135}.Debug|x86.ActiveCfg = Debug|iPhoneSimulator
		{A265DD7C-527B-4BBB-931B-EB2283DEE135}.Release|Any CPU.ActiveCfg = Release|iPhoneSimulator
		{A265DD7C-527B-4BBB-931B-EB2283DEE135}.Release|ARM.ActiveCfg = Release|iPhoneSimulator
		{A265DD7C-527B-4BBB-931B-EB2283DEE135}.Release|ARM64.ActiveCfg = Release|iPhoneSimulator
		{A265DD7C-527B-4BBB-931B-EB2283DEE135}.Release|iPhone.ActiveCfg = Release|iPhone
		{A265DD7C-527B-4BBB-931B-EB2283DEE135}.Release|iPhone.Build.0 = Release|iPhone
		{A265DD7C-527B-4BBB-931B-EB2283DEE135}.Release|iPhoneSimulator.ActiveCfg = Release|iPhoneSimulator
		{A265DD7C-527B-4BBB-931B-EB2283DEE135}.Release|iPhoneSimulator.Build.0 = Release|iPhoneSimulator
		{A265DD7C-527B-4BBB-931B-EB2283DEE135}.Release|x64.ActiveCfg = Release|iPhoneSimulator
		{A265DD7C-527B-4BBB-931B-EB2283DEE135}.Release|x86.ActiveCfg = Release|iPhoneSimulator
		{2F804BC1-01E6-49F4-9947-DC43639BA034}.Debug|Any CPU.ActiveCfg = Debug|x86
		{2F804BC1-01E6-49F4-9947-DC43639BA034}.Debug|ARM.ActiveCfg = Debug|ARM
		{2F804BC1-01E6-49F4-9947-DC43639BA034}.Debug|ARM.Build.0 = Debug|ARM
		{2F804BC1-01E6-49F4-9947-DC43639BA034}.Debug|ARM.Deploy.0 = Debug|ARM
		{2F804BC1-01E6-49F4-9947-DC43639BA034}.Debug|ARM64.ActiveCfg = Debug|ARM64
		{2F804BC1-01E6-49F4-9947-DC43639BA034}.Debug|ARM64.Build.0 = Debug|ARM64
		{2F804BC1-01E6-49F4-9947-DC43639BA034}.Debug|ARM64.Deploy.0 = Debug|ARM64
		{2F804BC1-01E6-49F4-9947-DC43639BA034}.Debug|iPhone.ActiveCfg = Debug|x86
		{2F804BC1-01E6-49F4-9947-DC43639BA034}.Debug|iPhoneSimulator.ActiveCfg = Debug|x86
		{2F804BC1-01E6-49F4-9947-DC43639BA034}.Debug|x64.ActiveCfg = Debug|x64
		{2F804BC1-01E6-49F4-9947-DC43639BA034}.Debug|x64.Build.0 = Debug|x64
		{2F804BC1-01E6-49F4-9947-DC43639BA034}.Debug|x64.Deploy.0 = Debug|x64
		{2F804BC1-01E6-49F4-9947-DC43639BA034}.Debug|x86.ActiveCfg = Debug|x86
		{2F804BC1-01E6-49F4-9947-DC43639BA034}.Debug|x86.Build.0 = Debug|x86
		{2F804BC1-01E6-49F4-9947-DC43639BA034}.Debug|x86.Deploy.0 = Debug|x86
		{2F804BC1-01E6-49F4-9947-DC43639BA034}.Release|Any CPU.ActiveCfg = Release|x86
		{2F804BC1-01E6-49F4-9947-DC43639BA034}.Release|ARM.ActiveCfg = Release|ARM
		{2F804BC1-01E6-49F4-9947-DC43639BA034}.Release|ARM.Build.0 = Release|ARM
		{2F804BC1-01E6-49F4-9947-DC43639BA034}.Release|ARM.Deploy.0 = Release|ARM
		{2F804BC1-01E6-49F4-9947-DC43639BA034}.Release|ARM64.ActiveCfg = Release|ARM64
		{2F804BC1-01E6-49F4-9947-DC43639BA034}.Release|ARM64.Build.0 = Release|ARM64
		{2F804BC1-01E6-49F4-9947-DC43639BA034}.Release|ARM64.Deploy.0 = Release|ARM64
		{2F804BC1-01E6-49F4-9947-DC43639BA034}.Release|iPhone.ActiveCfg = Release|x86
		{2F804BC1-01E6-49F4-9947-DC43639BA034}.Release|iPhoneSimulator.ActiveCfg = Release|x86
		{2F804BC1-01E6-49F4-9947-DC43639BA034}.Release|x64.ActiveCfg = Release|x64
		{2F804BC1-01E6-49F4-9947-DC43639BA034}.Release|x64.Build.0 = Release|x64
		{2F804BC1-01E6-49F4-9947-DC43639BA034}.Release|x64.Deploy.0 = Release|x64
		{2F804BC1-01E6-49F4-9947-DC43639BA034}.Release|x86.ActiveCfg = Release|x86
		{2F804BC1-01E6-49F4-9947-DC43639BA034}.Release|x86.Build.0 = Release|x86
		{2F804BC1-01E6-49F4-9947-DC43639BA034}.Release|x86.Deploy.0 = Release|x86
		{AC4E454F-C5B4-4A5B-B449-343AC040BD8A}.Debug|Any CPU.ActiveCfg = Debug|Any CPU
		{AC4E454F-C5B4-4A5B-B449-343AC040BD8A}.Debug|Any CPU.Build.0 = Debug|Any CPU
		{AC4E454F-C5B4-4A5B-B449-343AC040BD8A}.Debug|Any CPU.Deploy.0 = Debug|Any CPU
		{AC4E454F-C5B4-4A5B-B449-343AC040BD8A}.Debug|ARM.ActiveCfg = Debug|ARM
		{AC4E454F-C5B4-4A5B-B449-343AC040BD8A}.Debug|ARM.Build.0 = Debug|ARM
		{AC4E454F-C5B4-4A5B-B449-343AC040BD8A}.Debug|ARM.Deploy.0 = Debug|ARM
		{AC4E454F-C5B4-4A5B-B449-343AC040BD8A}.Debug|ARM64.ActiveCfg = Debug|ARM64
		{AC4E454F-C5B4-4A5B-B449-343AC040BD8A}.Debug|ARM64.Build.0 = Debug|ARM64
		{AC4E454F-C5B4-4A5B-B449-343AC040BD8A}.Debug|ARM64.Deploy.0 = Debug|ARM64
		{AC4E454F-C5B4-4A5B-B449-343AC040BD8A}.Debug|iPhone.ActiveCfg = Debug|Any CPU
		{AC4E454F-C5B4-4A5B-B449-343AC040BD8A}.Debug|iPhone.Build.0 = Debug|Any CPU
		{AC4E454F-C5B4-4A5B-B449-343AC040BD8A}.Debug|iPhone.Deploy.0 = Debug|Any CPU
		{AC4E454F-C5B4-4A5B-B449-343AC040BD8A}.Debug|iPhoneSimulator.ActiveCfg = Debug|Any CPU
		{AC4E454F-C5B4-4A5B-B449-343AC040BD8A}.Debug|iPhoneSimulator.Build.0 = Debug|Any CPU
		{AC4E454F-C5B4-4A5B-B449-343AC040BD8A}.Debug|iPhoneSimulator.Deploy.0 = Debug|Any CPU
		{AC4E454F-C5B4-4A5B-B449-343AC040BD8A}.Debug|x64.ActiveCfg = Debug|x64
		{AC4E454F-C5B4-4A5B-B449-343AC040BD8A}.Debug|x64.Build.0 = Debug|x64
		{AC4E454F-C5B4-4A5B-B449-343AC040BD8A}.Debug|x64.Deploy.0 = Debug|x64
		{AC4E454F-C5B4-4A5B-B449-343AC040BD8A}.Debug|x86.ActiveCfg = Debug|x86
		{AC4E454F-C5B4-4A5B-B449-343AC040BD8A}.Debug|x86.Build.0 = Debug|x86
		{AC4E454F-C5B4-4A5B-B449-343AC040BD8A}.Debug|x86.Deploy.0 = Debug|x86
		{AC4E454F-C5B4-4A5B-B449-343AC040BD8A}.Release|Any CPU.ActiveCfg = Release|Any CPU
		{AC4E454F-C5B4-4A5B-B449-343AC040BD8A}.Release|Any CPU.Build.0 = Release|Any CPU
		{AC4E454F-C5B4-4A5B-B449-343AC040BD8A}.Release|Any CPU.Deploy.0 = Release|Any CPU
		{AC4E454F-C5B4-4A5B-B449-343AC040BD8A}.Release|ARM.ActiveCfg = Release|ARM
		{AC4E454F-C5B4-4A5B-B449-343AC040BD8A}.Release|ARM.Build.0 = Release|ARM
		{AC4E454F-C5B4-4A5B-B449-343AC040BD8A}.Release|ARM.Deploy.0 = Release|ARM
		{AC4E454F-C5B4-4A5B-B449-343AC040BD8A}.Release|ARM64.ActiveCfg = Release|ARM64
		{AC4E454F-C5B4-4A5B-B449-343AC040BD8A}.Release|ARM64.Build.0 = Release|ARM64
		{AC4E454F-C5B4-4A5B-B449-343AC040BD8A}.Release|ARM64.Deploy.0 = Release|ARM64
		{AC4E454F-C5B4-4A5B-B449-343AC040BD8A}.Release|iPhone.ActiveCfg = Release|Any CPU
		{AC4E454F-C5B4-4A5B-B449-343AC040BD8A}.Release|iPhone.Build.0 = Release|Any CPU
		{AC4E454F-C5B4-4A5B-B449-343AC040BD8A}.Release|iPhone.Deploy.0 = Release|Any CPU
		{AC4E454F-C5B4-4A5B-B449-343AC040BD8A}.Release|iPhoneSimulator.ActiveCfg = Release|Any CPU
		{AC4E454F-C5B4-4A5B-B449-343AC040BD8A}.Release|iPhoneSimulator.Build.0 = Release|Any CPU
		{AC4E454F-C5B4-4A5B-B449-343AC040BD8A}.Release|iPhoneSimulator.Deploy.0 = Release|Any CPU
		{AC4E454F-C5B4-4A5B-B449-343AC040BD8A}.Release|x64.ActiveCfg = Release|x64
		{AC4E454F-C5B4-4A5B-B449-343AC040BD8A}.Release|x64.Build.0 = Release|x64
		{AC4E454F-C5B4-4A5B-B449-343AC040BD8A}.Release|x64.Deploy.0 = Release|x64
		{AC4E454F-C5B4-4A5B-B449-343AC040BD8A}.Release|x86.ActiveCfg = Release|x86
		{AC4E454F-C5B4-4A5B-B449-343AC040BD8A}.Release|x86.Build.0 = Release|x86
		{AC4E454F-C5B4-4A5B-B449-343AC040BD8A}.Release|x86.Deploy.0 = Release|x86
		{5424D7FD-B533-47BB-86AE-7149E113780F}.Debug|Any CPU.ActiveCfg = Debug
		{5424D7FD-B533-47BB-86AE-7149E113780F}.Debug|ARM.ActiveCfg = Debug
		{5424D7FD-B533-47BB-86AE-7149E113780F}.Debug|ARM64.ActiveCfg = Debug
		{5424D7FD-B533-47BB-86AE-7149E113780F}.Debug|iPhone.ActiveCfg = Debug
		{5424D7FD-B533-47BB-86AE-7149E113780F}.Debug|iPhoneSimulator.ActiveCfg = Debug
		{5424D7FD-B533-47BB-86AE-7149E113780F}.Debug|x64.ActiveCfg = Debug
		{5424D7FD-B533-47BB-86AE-7149E113780F}.Debug|x86.ActiveCfg = Debug
		{5424D7FD-B533-47BB-86AE-7149E113780F}.Release|Any CPU.ActiveCfg = Release
		{5424D7FD-B533-47BB-86AE-7149E113780F}.Release|ARM.ActiveCfg = Release
		{5424D7FD-B533-47BB-86AE-7149E113780F}.Release|ARM64.ActiveCfg = Release
		{5424D7FD-B533-47BB-86AE-7149E113780F}.Release|iPhone.ActiveCfg = Release
		{5424D7FD-B533-47BB-86AE-7149E113780F}.Release|iPhoneSimulator.ActiveCfg = Release
		{5424D7FD-B533-47BB-86AE-7149E113780F}.Release|x64.ActiveCfg = Release
		{5424D7FD-B533-47BB-86AE-7149E113780F}.Release|x86.ActiveCfg = Release
	EndGlobalSection
	GlobalSection(SolutionProperties) = preSolution
		HideSolutionNode = FALSE
	EndGlobalSection
	GlobalSection(NestedProjects) = preSolution
		{A228F497-06A0-4C10-8D4F-201EF18E1ADB} = {AC54713B-9062-4E6F-884D-9BA05BA971A4}
		{AFF0C6F5-D6F9-46AF-9BF2-1B96DDE81011} = {6D513792-29EC-4D8C-AAE9-C4C1779579C6}
		{02D2C0F7-A77F-49A4-BB0E-8D216CBEA709} = {6D513792-29EC-4D8C-AAE9-C4C1779579C6}
		{A265DD7C-527B-4BBB-931B-EB2283DEE135} = {6D513792-29EC-4D8C-AAE9-C4C1779579C6}
		{2F804BC1-01E6-49F4-9947-DC43639BA034} = {AC54713B-9062-4E6F-884D-9BA05BA971A4}
		{AC4E454F-C5B4-4A5B-B449-343AC040BD8A} = {94D7F4FB-DD13-4B6C-9501-5D91C958D375}
		{5424D7FD-B533-47BB-86AE-7149E113780F} = {94D7F4FB-DD13-4B6C-9501-5D91C958D375}
	EndGlobalSection
	GlobalSection(ExtensibilityGlobals) = postSolution
		SolutionGuid = {EDF046B1-5181-454D-AB1C-B120D1005D21}
	EndGlobalSection
EndGlobal
